
Microsoft Visual Studio Solution File, Format Version 12.00
# Visual Studio Version 17
VisualStudioVersion = 17.13.35913.81 d17.13
MinimumVisualStudioVersion = 10.0.40219.1
Project("{FAE04EC0-301F-11D3-BF4B-00C04F79EFBC}") = "RobotHand_WPF_20290319", "RobotHand_WPF_20290319\RobotHand_WPF_20290319.csproj", "{6ECE615C-CD74-4FDD-BBC1-2FA82E527D0E}"
EndProject
Global
	GlobalSection(SolutionConfigurationPlatforms) = preSolution
		Debug|Any CPU = Debug|Any CPU
		Release|Any CPU = Release|Any CPU
	EndGlobalSection
	GlobalSection(ProjectConfigurationPlatforms) = postSolution
		{6ECE615C-CD74-4FDD-BBC1-2FA82E527D0E}.Debug|Any CPU.ActiveCfg = Debug|Any CPU
		{6ECE615C-CD74-4FDD-BBC1-2FA82E527D0E}.Debug|Any CPU.Build.0 = Debug|Any CPU
		{6ECE615C-CD74-4FDD-BBC1-2FA82E527D0E}.Release|Any CPU.ActiveCfg = Release|Any CPU
		{6ECE615C-CD74-4FDD-BBC1-2FA82E527D0E}.Release|Any CPU.Build.0 = Release|Any CPU
	EndGlobalSection
	GlobalSection(SolutionProperties) = preSolution
		HideSolutionNode = FALSE
	EndGlobalSection
	GlobalSection(ExtensibilityGlobals) = postSolution
		SolutionGuid = {A9F530BB-B1BB-4BE4-BCFA-4A83F32EEDC4}
	EndGlobalSection
EndGlobal
